
Microsoft Visual Studio Solution File, Format Version 12.00
# Visual Studio Version 16
VisualStudioVersion = 16.0.32901.82
MinimumVisualStudioVersion = 10.0.40219.1
Project("{FAE04EC0-301F-11D3-BF4B-00C04F79EFBC}") = "Sprint4", "Sprint4\Sprint4.csproj", "{3D4FA65E-D95D-4D39-9B01-5C2F111AF346}"
EndProject
Global
	GlobalSection(SolutionConfigurationPlatforms) = preSolution
		Debug|Any CPU = Debug|Any CPU
		Release|Any CPU = Release|Any CPU
	EndGlobalSection
	GlobalSection(ProjectConfigurationPlatforms) = postSolution
		{3D4FA65E-D95D-4D39-9B01-5C2F111AF346}.Debug|Any CPU.ActiveCfg = Debug|Any CPU
		{3D4FA65E-D95D-4D39-9B01-5C2F111AF346}.Debug|Any CPU.Build.0 = Debug|Any CPU
		{3D4FA65E-D95D-4D39-9B01-5C2F111AF346}.Release|Any CPU.ActiveCfg = Release|Any CPU
		{3D4FA65E-D95D-4D39-9B01-5C2F111AF346}.Release|Any CPU.Build.0 = Release|Any CPU
	EndGlobalSection
	GlobalSection(SolutionProperties) = preSolution
		HideSolutionNode = FALSE
	EndGlobalSection
	GlobalSection(ExtensibilityGlobals) = postSolution
		SolutionGuid = {2526D66E-09AF-438B-B2E3-DAFA55460CC9}
	EndGlobalSection
EndGlobal
